
Microsoft Visual Studio Solution File, Format Version 12.00
# Visual Studio Version 16
VisualStudioVersion = 16.0.31605.320
MinimumVisualStudioVersion = 10.0.40219.1
Project("{9A19103F-16F7-4668-BE54-9A1E7A4F7556}") = "todoKevin.common", "todoKevin.common\todoKevin.common.csproj", "{0215BD08-6781-48EF-B8A2-D0CCD46E5D23}"
EndProject
Project("{9A19103F-16F7-4668-BE54-9A1E7A4F7556}") = "todoKevin.Functions", "todoKevin.Functions\todoKevin.Functions.csproj", "{AE1D76F6-55E4-484D-BFAB-220AFFA37FBC}"
EndProject
Project("{FAE04EC0-301F-11D3-BF4B-00C04F79EFBC}") = "todoKevin.Test", "todoKevin.Test\todoKevin.Test.csproj", "{EC6775A6-F823-46AD-A861-C11B6F77D585}"
EndProject
Global
	GlobalSection(SolutionConfigurationPlatforms) = preSolution
		Debug|Any CPU = Debug|Any CPU
		Release|Any CPU = Release|Any CPU
	EndGlobalSection
	GlobalSection(ProjectConfigurationPlatforms) = postSolution
		{0215BD08-6781-48EF-B8A2-D0CCD46E5D23}.Debug|Any CPU.ActiveCfg = Debug|Any CPU
		{0215BD08-6781-48EF-B8A2-D0CCD46E5D23}.Debug|Any CPU.Build.0 = Debug|Any CPU
		{0215BD08-6781-48EF-B8A2-D0CCD46E5D23}.Release|Any CPU.ActiveCfg = Release|Any CPU
		{0215BD08-6781-48EF-B8A2-D0CCD46E5D23}.Release|Any CPU.Build.0 = Release|Any CPU
		{AE1D76F6-55E4-484D-BFAB-220AFFA37FBC}.Debug|Any CPU.ActiveCfg = Debug|Any CPU
		{AE1D76F6-55E4-484D-BFAB-220AFFA37FBC}.Debug|Any CPU.Build.0 = Debug|Any CPU
		{AE1D76F6-55E4-484D-BFAB-220AFFA37FBC}.Release|Any CPU.ActiveCfg = Release|Any CPU
		{AE1D76F6-55E4-484D-BFAB-220AFFA37FBC}.Release|Any CPU.Build.0 = Release|Any CPU
		{EC6775A6-F823-46AD-A861-C11B6F77D585}.Debug|Any CPU.ActiveCfg = Debug|Any CPU
		{EC6775A6-F823-46AD-A861-C11B6F77D585}.Debug|Any CPU.Build.0 = Debug|Any CPU
		{EC6775A6-F823-46AD-A861-C11B6F77D585}.Release|Any CPU.ActiveCfg = Release|Any CPU
		{EC6775A6-F823-46AD-A861-C11B6F77D585}.Release|Any CPU.Build.0 = Release|Any CPU
	EndGlobalSection
	GlobalSection(SolutionProperties) = preSolution
		HideSolutionNode = FALSE
	EndGlobalSection
	GlobalSection(ExtensibilityGlobals) = postSolution
		SolutionGuid = {CCABECE4-D41D-4AAD-B36A-61E033A49FD1}
	EndGlobalSection
EndGlobal
